// !$*UTF8*$!
{
	archiveVersion = 1;
	classes = {
	};
	objectVersion = 51;
	objects = {

/* Begin PBXBuildFile section */
		A3C307A1ED4A77142FB57E5D /* Pods_Instagram.framework in Frameworks */ = {isa = PBXBuildFile; fileRef = 42923451BBE4D07E94237CE4 /* Pods_Instagram.framework */; };
		AC063AD122DF091C00C6BC58 /* CommentViewController.swift in Sources */ = {isa = PBXBuildFile; fileRef = AC063AD022DF091C00C6BC58 /* CommentViewController.swift */; };
		AC072D1F22DD9C3E00F8809C /* LoginViewController.swift in Sources */ = {isa = PBXBuildFile; fileRef = AC072D1E22DD9C3E00F8809C /* LoginViewController.swift */; };
		AC072D2122DD9C5400F8809C /* HomeViewController.swift in Sources */ = {isa = PBXBuildFile; fileRef = AC072D2022DD9C5400F8809C /* HomeViewController.swift */; };
		AC072D2322DD9C6600F8809C /* ImageSelectViewController.swift in Sources */ = {isa = PBXBuildFile; fileRef = AC072D2222DD9C6600F8809C /* ImageSelectViewController.swift */; };
		AC072D2522DD9C7800F8809C /* PostViewController.swift in Sources */ = {isa = PBXBuildFile; fileRef = AC072D2422DD9C7800F8809C /* PostViewController.swift */; };
		AC072D2722DD9C8800F8809C /* SettingViewController.swift in Sources */ = {isa = PBXBuildFile; fileRef = AC072D2622DD9C8800F8809C /* SettingViewController.swift */; };
		AC072D2922DDB4BA00F8809C /* GoogleService-Info.plist in Resources */ = {isa = PBXBuildFile; fileRef = AC072D2822DDB4BA00F8809C /* GoogleService-Info.plist */; };
		AC072D2B22DDE25100F8809C /* Const.swift in Sources */ = {isa = PBXBuildFile; fileRef = AC072D2A22DDE25100F8809C /* Const.swift */; };
		AC072D2D22DDE99500F8809C /* PostData.swift in Sources */ = {isa = PBXBuildFile; fileRef = AC072D2C22DDE99500F8809C /* PostData.swift */; };
		AC072D3022DDEA4000F8809C /* PostTableViewCell.swift in Sources */ = {isa = PBXBuildFile; fileRef = AC072D2E22DDEA4000F8809C /* PostTableViewCell.swift */; };
		AC072D3122DDEA4000F8809C /* PostTableViewCell.xib in Resources */ = {isa = PBXBuildFile; fileRef = AC072D2F22DDEA4000F8809C /* PostTableViewCell.xib */; };
		AC09BFFF22DD00B7004BD9C7 /* AppDelegate.swift in Sources */ = {isa = PBXBuildFile; fileRef = AC09BFFE22DD00B7004BD9C7 /* AppDelegate.swift */; };
		AC09C00122DD00B7004BD9C7 /* ViewController.swift in Sources */ = {isa = PBXBuildFile; fileRef = AC09C00022DD00B7004BD9C7 /* ViewController.swift */; };
		AC09C00422DD00B7004BD9C7 /* Main.storyboard in Resources */ = {isa = PBXBuildFile; fileRef = AC09C00222DD00B7004BD9C7 /* Main.storyboard */; };
		AC09C00622DD00B8004BD9C7 /* Assets.xcassets in Resources */ = {isa = PBXBuildFile; fileRef = AC09C00522DD00B8004BD9C7 /* Assets.xcassets */; };
		AC09C00922DD00B8004BD9C7 /* LaunchScreen.storyboard in Resources */ = {isa = PBXBuildFile; fileRef = AC09C00722DD00B8004BD9C7 /* LaunchScreen.storyboard */; };
		AC09C01422DD00B9004BD9C7 /* InstagramTests.swift in Sources */ = {isa = PBXBuildFile; fileRef = AC09C01322DD00B9004BD9C7 /* InstagramTests.swift */; };
		AC09C01F22DD00B9004BD9C7 /* InstagramUITests.swift in Sources */ = {isa = PBXBuildFile; fileRef = AC09C01E22DD00B9004BD9C7 /* InstagramUITests.swift */; };
/* End PBXBuildFile section */

/* Begin PBXContainerItemProxy section */
		AC09C01022DD00B9004BD9C7 /* PBXContainerItemProxy */ = {
			isa = PBXContainerItemProxy;
			containerPortal = AC09BFF322DD00B7004BD9C7 /* Project object */;
			proxyType = 1;
			remoteGlobalIDString = AC09BFFA22DD00B7004BD9C7;
			remoteInfo = Instagram;
		};
		AC09C01B22DD00B9004BD9C7 /* PBXContainerItemProxy */ = {
			isa = PBXContainerItemProxy;
			containerPortal = AC09BFF322DD00B7004BD9C7 /* Project object */;
			proxyType = 1;
			remoteGlobalIDString = AC09BFFA22DD00B7004BD9C7;
			remoteInfo = Instagram;
		};
/* End PBXContainerItemProxy section */

/* Begin PBXFileReference section */
		1347C10FE7816B12C21A2874 /* Pods-Instagram.debug.xcconfig */ = {isa = PBXFileReference; includeInIndex = 1; lastKnownFileType = text.xcconfig; name = "Pods-Instagram.debug.xcconfig"; path = "Target Support Files/Pods-Instagram/Pods-Instagram.debug.xcconfig"; sourceTree = "<group>"; };
		42923451BBE4D07E94237CE4 /* Pods_Instagram.framework */ = {isa = PBXFileReference; explicitFileType = wrapper.framework; includeInIndex = 0; path = Pods_Instagram.framework; sourceTree = BUILT_PRODUCTS_DIR; };
		AC063AD022DF091C00C6BC58 /* CommentViewController.swift */ = {isa = PBXFileReference; lastKnownFileType = sourcecode.swift; path = CommentViewController.swift; sourceTree = "<group>"; };
		AC072D1E22DD9C3E00F8809C /* LoginViewController.swift */ = {isa = PBXFileReference; lastKnownFileType = sourcecode.swift; path = LoginViewController.swift; sourceTree = "<group>"; };
		AC072D2022DD9C5400F8809C /* HomeViewController.swift */ = {isa = PBXFileReference; lastKnownFileType = sourcecode.swift; path = HomeViewController.swift; sourceTree = "<group>"; };
		AC072D2222DD9C6600F8809C /* ImageSelectViewController.swift */ = {isa = PBXFileReference; lastKnownFileType = sourcecode.swift; path = ImageSelectViewController.swift; sourceTree = "<group>"; };
		AC072D2422DD9C7800F8809C /* PostViewController.swift */ = {isa = PBXFileReference; lastKnownFileType = sourcecode.swift; path = PostViewController.swift; sourceTree = "<group>"; };
		AC072D2622DD9C8800F8809C /* SettingViewController.swift */ = {isa = PBXFileReference; lastKnownFileType = sourcecode.swift; path = SettingViewController.swift; sourceTree = "<group>"; };
		AC072D2822DDB4BA00F8809C /* GoogleService-Info.plist */ = {isa = PBXFileReference; fileEncoding = 4; lastKnownFileType = text.plist.xml; path = "GoogleService-Info.plist"; sourceTree = "<group>"; };
		AC072D2A22DDE25100F8809C /* Const.swift */ = {isa = PBXFileReference; lastKnownFileType = sourcecode.swift; path = Const.swift; sourceTree = "<group>"; };
		AC072D2C22DDE99500F8809C /* PostData.swift */ = {isa = PBXFileReference; lastKnownFileType = sourcecode.swift; path = PostData.swift; sourceTree = "<group>"; };
		AC072D2E22DDEA4000F8809C /* PostTableViewCell.swift */ = {isa = PBXFileReference; lastKnownFileType = sourcecode.swift; path = PostTableViewCell.swift; sourceTree = "<group>"; };
		AC072D2F22DDEA4000F8809C /* PostTableViewCell.xib */ = {isa = PBXFileReference; lastKnownFileType = file.xib; path = PostTableViewCell.xib; sourceTree = "<group>"; };
		AC09BFFB22DD00B7004BD9C7 /* Instagram.app */ = {isa = PBXFileReference; explicitFileType = wrapper.application; includeInIndex = 0; path = Instagram.app; sourceTree = BUILT_PRODUCTS_DIR; };
		AC09BFFE22DD00B7004BD9C7 /* AppDelegate.swift */ = {isa = PBXFileReference; lastKnownFileType = sourcecode.swift; path = AppDelegate.swift; sourceTree = "<group>"; };
		AC09C00022DD00B7004BD9C7 /* ViewController.swift */ = {isa = PBXFileReference; lastKnownFileType = sourcecode.swift; path = ViewController.swift; sourceTree = "<group>"; };
		AC09C00322DD00B7004BD9C7 /* Base */ = {isa = PBXFileReference; lastKnownFileType = file.storyboard; name = Base; path = Base.lproj/Main.storyboard; sourceTree = "<group>"; };
		AC09C00522DD00B8004BD9C7 /* Assets.xcassets */ = {isa = PBXFileReference; lastKnownFileType = folder.assetcatalog; path = Assets.xcassets; sourceTree = "<group>"; };
		AC09C00822DD00B8004BD9C7 /* Base */ = {isa = PBXFileReference; lastKnownFileType = file.storyboard; name = Base; path = Base.lproj/LaunchScreen.storyboard; sourceTree = "<group>"; };
		AC09C00A22DD00B8004BD9C7 /* Info.plist */ = {isa = PBXFileReference; lastKnownFileType = text.plist.xml; path = Info.plist; sourceTree = "<group>"; };
		AC09C00F22DD00B9004BD9C7 /* InstagramTests.xctest */ = {isa = PBXFileReference; explicitFileType = wrapper.cfbundle; includeInIndex = 0; path = InstagramTests.xctest; sourceTree = BUILT_PRODUCTS_DIR; };
		AC09C01322DD00B9004BD9C7 /* InstagramTests.swift */ = {isa = PBXFileReference; lastKnownFileType = sourcecode.swift; path = InstagramTests.swift; sourceTree = "<group>"; };
		AC09C01522DD00B9004BD9C7 /* Info.plist */ = {isa = PBXFileReference; lastKnownFileType = text.plist.xml; path = Info.plist; sourceTree = "<group>"; };
		AC09C01A22DD00B9004BD9C7 /* InstagramUITests.xctest */ = {isa = PBXFileReference; explicitFileType = wrapper.cfbundle; includeInIndex = 0; path = InstagramUITests.xctest; sourceTree = BUILT_PRODUCTS_DIR; };
		AC09C01E22DD00B9004BD9C7 /* InstagramUITests.swift */ = {isa = PBXFileReference; lastKnownFileType = sourcecode.swift; path = InstagramUITests.swift; sourceTree = "<group>"; };
		AC09C02022DD00B9004BD9C7 /* Info.plist */ = {isa = PBXFileReference; lastKnownFileType = text.plist.xml; path = Info.plist; sourceTree = "<group>"; };
		B23F0C3E7C6FF1D285487BD5 /* Pods-Instagram.release.xcconfig */ = {isa = PBXFileReference; includeInIndex = 1; lastKnownFileType = text.xcconfig; name = "Pods-Instagram.release.xcconfig"; path = "Target Support Files/Pods-Instagram/Pods-Instagram.release.xcconfig"; sourceTree = "<group>"; };
/* End PBXFileReference section */

/* Begin PBXFrameworksBuildPhase section */
		AC09BFF822DD00B7004BD9C7 /* Frameworks */ = {
			isa = PBXFrameworksBuildPhase;
			buildActionMask = 2147483647;
			files = (
				A3C307A1ED4A77142FB57E5D /* Pods_Instagram.framework in Frameworks */,
			);
			runOnlyForDeploymentPostprocessing = 0;
		};
		AC09C00C22DD00B9004BD9C7 /* Frameworks */ = {
			isa = PBXFrameworksBuildPhase;
			buildActionMask = 2147483647;
			files = (
			);
			runOnlyForDeploymentPostprocessing = 0;
		};
		AC09C01722DD00B9004BD9C7 /* Frameworks */ = {
			isa = PBXFrameworksBuildPhase;
			buildActionMask = 2147483647;
			files = (
			);
			runOnlyForDeploymentPostprocessing = 0;
		};
/* End PBXFrameworksBuildPhase section */

/* Begin PBXGroup section */
		067B1301B8AEC79C2859ED29 /* Pods */ = {
			isa = PBXGroup;
			children = (
				1347C10FE7816B12C21A2874 /* Pods-Instagram.debug.xcconfig */,
				B23F0C3E7C6FF1D285487BD5 /* Pods-Instagram.release.xcconfig */,
			);
			path = Pods;
			sourceTree = "<group>";
		};
		AC09BFF222DD00B7004BD9C7 = {
			isa = PBXGroup;
			children = (
				AC09BFFD22DD00B7004BD9C7 /* Instagram */,
				AC09C01222DD00B9004BD9C7 /* InstagramTests */,
				AC09C01D22DD00B9004BD9C7 /* InstagramUITests */,
				AC09BFFC22DD00B7004BD9C7 /* Products */,
				067B1301B8AEC79C2859ED29 /* Pods */,
				BBE2818E1FAD0CC5643315EC /* Frameworks */,
			);
			sourceTree = "<group>";
		};
		AC09BFFC22DD00B7004BD9C7 /* Products */ = {
			isa = PBXGroup;
			children = (
				AC09BFFB22DD00B7004BD9C7 /* Instagram.app */,
				AC09C00F22DD00B9004BD9C7 /* InstagramTests.xctest */,
				AC09C01A22DD00B9004BD9C7 /* InstagramUITests.xctest */,
			);
			name = Products;
			sourceTree = "<group>";
		};
		AC09BFFD22DD00B7004BD9C7 /* Instagram */ = {
			isa = PBXGroup;
			children = (
				AC09BFFE22DD00B7004BD9C7 /* AppDelegate.swift */,
				AC09C00022DD00B7004BD9C7 /* ViewController.swift */,
				AC09C00222DD00B7004BD9C7 /* Main.storyboard */,
				AC09C00522DD00B8004BD9C7 /* Assets.xcassets */,
				AC09C00722DD00B8004BD9C7 /* LaunchScreen.storyboard */,
				AC09C00A22DD00B8004BD9C7 /* Info.plist */,
				AC072D2822DDB4BA00F8809C /* GoogleService-Info.plist */,
				AC072D1E22DD9C3E00F8809C /* LoginViewController.swift */,
				AC072D2022DD9C5400F8809C /* HomeViewController.swift */,
				AC072D2222DD9C6600F8809C /* ImageSelectViewController.swift */,
				AC072D2422DD9C7800F8809C /* PostViewController.swift */,
				AC072D2622DD9C8800F8809C /* SettingViewController.swift */,
				AC072D2A22DDE25100F8809C /* Const.swift */,
				AC072D2C22DDE99500F8809C /* PostData.swift */,
				AC072D2E22DDEA4000F8809C /* PostTableViewCell.swift */,
				AC063AD022DF091C00C6BC58 /* CommentViewController.swift */,
				AC072D2F22DDEA4000F8809C /* PostTableViewCell.xib */,
			);
			path = Instagram;
			sourceTree = "<group>";
		};
		AC09C01222DD00B9004BD9C7 /* InstagramTests */ = {
			isa = PBXGroup;
			children = (
				AC09C01322DD00B9004BD9C7 /* InstagramTests.swift */,
				AC09C01522DD00B9004BD9C7 /* Info.plist */,
			);
			path = InstagramTests;
			sourceTree = "<group>";
		};
		AC09C01D22DD00B9004BD9C7 /* InstagramUITests */ = {
			isa = PBXGroup;
			children = (
				AC09C01E22DD00B9004BD9C7 /* InstagramUITests.swift */,
				AC09C02022DD00B9004BD9C7 /* Info.plist */,
			);
			path = InstagramUITests;
			sourceTree = "<group>";
		};
		BBE2818E1FAD0CC5643315EC /* Frameworks */ = {
			isa = PBXGroup;
			children = (
				42923451BBE4D07E94237CE4 /* Pods_Instagram.framework */,
			);
			name = Frameworks;
			sourceTree = "<group>";
		};
/* End PBXGroup section */

/* Begin PBXNativeTarget section */
		AC09BFFA22DD00B7004BD9C7 /* Instagram */ = {
			isa = PBXNativeTarget;
			buildConfigurationList = AC09C02322DD00B9004BD9C7 /* Build configuration list for PBXNativeTarget "Instagram" */;
			buildPhases = (
				5F61FBC445EB053561F48011 /* [CP] Check Pods Manifest.lock */,
				AC09BFF722DD00B7004BD9C7 /* Sources */,
				AC09BFF822DD00B7004BD9C7 /* Frameworks */,
				AC09BFF922DD00B7004BD9C7 /* Resources */,
				3A116C548FA8474B65A7C340 /* [CP] Embed Pods Frameworks */,
			);
			buildRules = (
			);
			dependencies = (
			);
			name = Instagram;
			productName = Instagram;
			productReference = AC09BFFB22DD00B7004BD9C7 /* Instagram.app */;
			productType = "com.apple.product-type.application";
		};
		AC09C00E22DD00B9004BD9C7 /* InstagramTests */ = {
			isa = PBXNativeTarget;
			buildConfigurationList = AC09C02622DD00B9004BD9C7 /* Build configuration list for PBXNativeTarget "InstagramTests" */;
			buildPhases = (
				AC09C00B22DD00B9004BD9C7 /* Sources */,
				AC09C00C22DD00B9004BD9C7 /* Frameworks */,
				AC09C00D22DD00B9004BD9C7 /* Resources */,
			);
			buildRules = (
			);
			dependencies = (
				AC09C01122DD00B9004BD9C7 /* PBXTargetDependency */,
			);
			name = InstagramTests;
			productName = InstagramTests;
			productReference = AC09C00F22DD00B9004BD9C7 /* InstagramTests.xctest */;
			productType = "com.apple.product-type.bundle.unit-test";
		};
		AC09C01922DD00B9004BD9C7 /* InstagramUITests */ = {
			isa = PBXNativeTarget;
			buildConfigurationList = AC09C02922DD00B9004BD9C7 /* Build configuration list for PBXNativeTarget "InstagramUITests" */;
			buildPhases = (
				AC09C01622DD00B9004BD9C7 /* Sources */,
				AC09C01722DD00B9004BD9C7 /* Frameworks */,
				AC09C01822DD00B9004BD9C7 /* Resources */,
			);
			buildRules = (
			);
			dependencies = (
				AC09C01C22DD00B9004BD9C7 /* PBXTargetDependency */,
			);
			name = InstagramUITests;
			productName = InstagramUITests;
			productReference = AC09C01A22DD00B9004BD9C7 /* InstagramUITests.xctest */;
			productType = "com.apple.product-type.bundle.ui-testing";
		};
/* End PBXNativeTarget section */

/* Begin PBXProject section */
		AC09BFF322DD00B7004BD9C7 /* Project object */ = {
			isa = PBXProject;
			attributes = {
				LastSwiftUpdateCheck = 1020;
				LastUpgradeCheck = 1020;
				ORGANIZATIONNAME = Hinata10;
				TargetAttributes = {
					AC09BFFA22DD00B7004BD9C7 = {
						CreatedOnToolsVersion = 10.2.1;
					};
					AC09C00E22DD00B9004BD9C7 = {
						CreatedOnToolsVersion = 10.2.1;
						TestTargetID = AC09BFFA22DD00B7004BD9C7;
					};
					AC09C01922DD00B9004BD9C7 = {
						CreatedOnToolsVersion = 10.2.1;
						TestTargetID = AC09BFFA22DD00B7004BD9C7;
					};
				};
			};
			buildConfigurationList = AC09BFF622DD00B7004BD9C7 /* Build configuration list for PBXProject "Instagram" */;
			compatibilityVersion = "Xcode 9.3";
			developmentRegion = en;
			hasScannedForEncodings = 0;
			knownRegions = (
				en,
				Base,
			);
			mainGroup = AC09BFF222DD00B7004BD9C7;
			productRefGroup = AC09BFFC22DD00B7004BD9C7 /* Products */;
			projectDirPath = "";
			projectRoot = "";
			targets = (
				AC09BFFA22DD00B7004BD9C7 /* Instagram */,
				AC09C00E22DD00B9004BD9C7 /* InstagramTests */,
				AC09C01922DD00B9004BD9C7 /* InstagramUITests */,
			);
		};
/* End PBXProject section */

/* Begin PBXResourcesBuildPhase section */
		AC09BFF922DD00B7004BD9C7 /* Resources */ = {
			isa = PBXResourcesBuildPhase;
			buildActionMask = 2147483647;
			files = (
				AC09C00922DD00B8004BD9C7 /* LaunchScreen.storyboard in Resources */,
				AC072D3122DDEA4000F8809C /* PostTableViewCell.xib in Resources */,
				AC072D2922DDB4BA00F8809C /* GoogleService-Info.plist in Resources */,
				AC09C00622DD00B8004BD9C7 /* Assets.xcassets in Resources */,
				AC09C00422DD00B7004BD9C7 /* Main.storyboard in Resources */,
			);
			runOnlyForDeploymentPostprocessing = 0;
		};
		AC09C00D22DD00B9004BD9C7 /* Resources */ = {
			isa = PBXResourcesBuildPhase;
			buildActionMask = 2147483647;
			files = (
			);
			runOnlyForDeploymentPostprocessing = 0;
		};
		AC09C01822DD00B9004BD9C7 /* Resources */ = {
			isa = PBXResourcesBuildPhase;
			buildActionMask = 2147483647;
			files = (
			);
			runOnlyForDeploymentPostprocessing = 0;
		};
/* End PBXResourcesBuildPhase section */

/* Begin PBXShellScriptBuildPhase section */
		3A116C548FA8474B65A7C340 /* [CP] Embed Pods Frameworks */ = {
			isa = PBXShellScriptBuildPhase;
			buildActionMask = 2147483647;
			files = (
			);
			inputFileListPaths = (
				"${PODS_ROOT}/Target Support Files/Pods-Instagram/Pods-Instagram-frameworks-${CONFIGURATION}-input-files.xcfilelist",
			);
			name = "[CP] Embed Pods Frameworks";
			outputFileListPaths = (
				"${PODS_ROOT}/Target Support Files/Pods-Instagram/Pods-Instagram-frameworks-${CONFIGURATION}-output-files.xcfilelist",
			);
			runOnlyForDeploymentPostprocessing = 0;
			shellPath = /bin/sh;
			shellScript = "\"${PODS_ROOT}/Target Support Files/Pods-Instagram/Pods-Instagram-frameworks.sh\"\n";
			showEnvVarsInLog = 0;
		};
		5F61FBC445EB053561F48011 /* [CP] Check Pods Manifest.lock */ = {
			isa = PBXShellScriptBuildPhase;
			buildActionMask = 2147483647;
			files = (
			);
			inputFileListPaths = (
			);
			inputPaths = (
				"${PODS_PODFILE_DIR_PATH}/Podfile.lock",
				"${PODS_ROOT}/Manifest.lock",
			);
			name = "[CP] Check Pods Manifest.lock";
			outputFileListPaths = (
			);
			outputPaths = (
				"$(DERIVED_FILE_DIR)/Pods-Instagram-checkManifestLockResult.txt",
			);
			runOnlyForDeploymentPostprocessing = 0;
			shellPath = /bin/sh;
			shellScript = "diff \"${PODS_PODFILE_DIR_PATH}/Podfile.lock\" \"${PODS_ROOT}/Manifest.lock\" > /dev/null\nif [ $? != 0 ] ; then\n    # print error to STDERR\n    echo \"error: The sandbox is not in sync with the Podfile.lock. Run 'pod install' or update your CocoaPods installation.\" >&2\n    exit 1\nfi\n# This output is used by Xcode 'outputs' to avoid re-running this script phase.\necho \"SUCCESS\" > \"${SCRIPT_OUTPUT_FILE_0}\"\n";
			showEnvVarsInLog = 0;
		};
/* End PBXShellScriptBuildPhase section */

/* Begin PBXSourcesBuildPhase section */
		AC09BFF722DD00B7004BD9C7 /* Sources */ = {
			isa = PBXSourcesBuildPhase;
			buildActionMask = 2147483647;
			files = (
				AC072D2522DD9C7800F8809C /* PostViewController.swift in Sources */,
				AC072D2D22DDE99500F8809C /* PostData.swift in Sources */,
				AC072D1F22DD9C3E00F8809C /* LoginViewController.swift in Sources */,
				AC09C00122DD00B7004BD9C7 /* ViewController.swift in Sources */,
				AC09BFFF22DD00B7004BD9C7 /* AppDelegate.swift in Sources */,
				AC072D2322DD9C6600F8809C /* ImageSelectViewController.swift in Sources */,
				AC072D2B22DDE25100F8809C /* Const.swift in Sources */,
				AC072D3022DDEA4000F8809C /* PostTableViewCell.swift in Sources */,
				AC072D2722DD9C8800F8809C /* SettingViewController.swift in Sources */,
				AC072D2122DD9C5400F8809C /* HomeViewController.swift in Sources */,
				AC063AD122DF091C00C6BC58 /* CommentViewController.swift in Sources */,
			);
			runOnlyForDeploymentPostprocessing = 0;
		};
		AC09C00B22DD00B9004BD9C7 /* Sources */ = {
			isa = PBXSourcesBuildPhase;
			buildActionMask = 2147483647;
			files = (
				AC09C01422DD00B9004BD9C7 /* InstagramTests.swift in Sources */,
			);
			runOnlyForDeploymentPostprocessing = 0;
		};
		AC09C01622DD00B9004BD9C7 /* Sources */ = {
			isa = PBXSourcesBuildPhase;
			buildActionMask = 2147483647;
			files = (
				AC09C01F22DD00B9004BD9C7 /* InstagramUITests.swift in Sources */,
			);
			runOnlyForDeploymentPostprocessing = 0;
		};
/* End PBXSourcesBuildPhase section */

/* Begin PBXTargetDependency section */
		AC09C01122DD00B9004BD9C7 /* PBXTargetDependency */ = {
			isa = PBXTargetDependency;
			target = AC09BFFA22DD00B7004BD9C7 /* Instagram */;
			targetProxy = AC09C01022DD00B9004BD9C7 /* PBXContainerItemProxy */;
		};
		AC09C01C22DD00B9004BD9C7 /* PBXTargetDependency */ = {
			isa = PBXTargetDependency;
			target = AC09BFFA22DD00B7004BD9C7 /* Instagram */;
			targetProxy = AC09C01B22DD00B9004BD9C7 /* PBXContainerItemProxy */;
		};
/* End PBXTargetDependency section */

/* Begin PBXVariantGroup section */
		AC09C00222DD00B7004BD9C7 /* Main.storyboard */ = {
			isa = PBXVariantGroup;
			children = (
				AC09C00322DD00B7004BD9C7 /* Base */,
			);
			name = Main.storyboard;
			sourceTree = "<group>";
		};
		AC09C00722DD00B8004BD9C7 /* LaunchScreen.storyboard */ = {
			isa = PBXVariantGroup;
			children = (
				AC09C00822DD00B8004BD9C7 /* Base */,
			);
			name = LaunchScreen.storyboard;
			sourceTree = "<group>";
		};
/* End PBXVariantGroup section */

/* Begin XCBuildConfiguration section */
		AC09C02122DD00B9004BD9C7 /* Debug */ = {
			isa = XCBuildConfiguration;
			buildSettings = {
				ALWAYS_SEARCH_USER_PATHS = NO;
				CLANG_ANALYZER_NONNULL = YES;
				CLANG_ANALYZER_NUMBER_OBJECT_CONVERSION = YES_AGGRESSIVE;
				CLANG_CXX_LANGUAGE_STANDARD = "gnu++14";
				CLANG_CXX_LIBRARY = "libc++";
				CLANG_ENABLE_MODULES = YES;
				CLANG_ENABLE_OBJC_ARC = YES;
				CLANG_ENABLE_OBJC_WEAK = YES;
				CLANG_WARN_BLOCK_CAPTURE_AUTORELEASING = YES;
				CLANG_WARN_BOOL_CONVERSION = YES;
				CLANG_WARN_COMMA = YES;
				CLANG_WARN_CONSTANT_CONVERSION = YES;
				CLANG_WARN_DEPRECATED_OBJC_IMPLEMENTATIONS = YES;
				CLANG_WARN_DIRECT_OBJC_ISA_USAGE = YES_ERROR;
				CLANG_WARN_DOCUMENTATION_COMMENTS = YES;
				CLANG_WARN_EMPTY_BODY = YES;
				CLANG_WARN_ENUM_CONVERSION = YES;
				CLANG_WARN_INFINITE_RECURSION = YES;
				CLANG_WARN_INT_CONVERSION = YES;
				CLANG_WARN_NON_LITERAL_NULL_CONVERSION = YES;
				CLANG_WARN_OBJC_IMPLICIT_RETAIN_SELF = YES;
				CLANG_WARN_OBJC_LITERAL_CONVERSION = YES;
				CLANG_WARN_OBJC_ROOT_CLASS = YES_ERROR;
				CLANG_WARN_RANGE_LOOP_ANALYSIS = YES;
				CLANG_WARN_STRICT_PROTOTYPES = YES;
				CLANG_WARN_SUSPICIOUS_MOVE = YES;
				CLANG_WARN_UNGUARDED_AVAILABILITY = YES_AGGRESSIVE;
				CLANG_WARN_UNREACHABLE_CODE = YES;
				CLANG_WARN__DUPLICATE_METHOD_MATCH = YES;
				CODE_SIGN_IDENTITY = "iPhone Developer";
				COPY_PHASE_STRIP = NO;
				DEBUG_INFORMATION_FORMAT = dwarf;
				ENABLE_STRICT_OBJC_MSGSEND = YES;
				ENABLE_TESTABILITY = YES;
				GCC_C_LANGUAGE_STANDARD = gnu11;
				GCC_DYNAMIC_NO_PIC = NO;
				GCC_NO_COMMON_BLOCKS = YES;
				GCC_OPTIMIZATION_LEVEL = 0;
				GCC_PREPROCESSOR_DEFINITIONS = (
					"DEBUG=1",
					"$(inherited)",
				);
				GCC_WARN_64_TO_32_BIT_CONVERSION = YES;
				GCC_WARN_ABOUT_RETURN_TYPE = YES_ERROR;
				GCC_WARN_UNDECLARED_SELECTOR = YES;
				GCC_WARN_UNINITIALIZED_AUTOS = YES_AGGRESSIVE;
				GCC_WARN_UNUSED_FUNCTION = YES;
				GCC_WARN_UNUSED_VARIABLE = YES;
				IPHONEOS_DEPLOYMENT_TARGET = 12.2;
				MTL_ENABLE_DEBUG_INFO = INCLUDE_SOURCE;
				MTL_FAST_MATH = YES;
				ONLY_ACTIVE_ARCH = YES;
				SDKROOT = iphoneos;
				SWIFT_ACTIVE_COMPILATION_CONDITIONS = DEBUG;
				SWIFT_OPTIMIZATION_LEVEL = "-Onone";
			};
			name = Debug;
		};
		AC09C02222DD00B9004BD9C7 /* Release */ = {
			isa = XCBuildConfiguration;
			buildSettings = {
				ALWAYS_SEARCH_USER_PATHS = NO;
				CLANG_ANALYZER_NONNULL = YES;
				CLANG_ANALYZER_NUMBER_OBJECT_CONVERSION = YES_AGGRESSIVE;
				CLANG_CXX_LANGUAGE_STANDARD = "gnu++14";
				CLANG_CXX_LIBRARY = "libc++";
				CLANG_ENABLE_MODULES = YES;
				CLANG_ENABLE_OBJC_ARC = YES;
				CLANG_ENABLE_OBJC_WEAK = YES;
				CLANG_WARN_BLOCK_CAPTURE_AUTORELEASING = YES;
				CLANG_WARN_BOOL_CONVERSION = YES;
				CLANG_WARN_COMMA = YES;
				CLANG_WARN_CONSTANT_CONVERSION = YES;
				CLANG_WARN_DEPRECATED_OBJC_IMPLEMENTATIONS = YES;
				CLANG_WARN_DIRECT_OBJC_ISA_USAGE = YES_ERROR;
				CLANG_WARN_DOCUMENTATION_COMMENTS = YES;
				CLANG_WARN_EMPTY_BODY = YES;
				CLANG_WARN_ENUM_CONVERSION = YES;
				CLANG_WARN_INFINITE_RECURSION = YES;
				CLANG_WARN_INT_CONVERSION = YES;
				CLANG_WARN_NON_LITERAL_NULL_CONVERSION = YES;
				CLANG_WARN_OBJC_IMPLICIT_RETAIN_SELF = YES;
				CLANG_WARN_OBJC_LITERAL_CONVERSION = YES;
				CLANG_WARN_OBJC_ROOT_CLASS = YES_ERROR;
				CLANG_WARN_RANGE_LOOP_ANALYSIS = YES;
				CLANG_WARN_STRICT_PROTOTYPES = YES;
				CLANG_WARN_SUSPICIOUS_MOVE = YES;
				CLANG_WARN_UNGUARDED_AVAILABILITY = YES_AGGRESSIVE;
				CLANG_WARN_UNREACHABLE_CODE = YES;
				CLANG_WARN__DUPLICATE_METHOD_MATCH = YES;
				CODE_SIGN_IDENTITY = "iPhone Developer";
				COPY_PHASE_STRIP = NO;
				DEBUG_INFORMATION_FORMAT = "dwarf-with-dsym";
				ENABLE_NS_ASSERTIONS = NO;
				ENABLE_STRICT_OBJC_MSGSEND = YES;
				GCC_C_LANGUAGE_STANDARD = gnu11;
				GCC_NO_COMMON_BLOCKS = YES;
				GCC_WARN_64_TO_32_BIT_CONVERSION = YES;
				GCC_WARN_ABOUT_RETURN_TYPE = YES_ERROR;
				GCC_WARN_UNDECLARED_SELECTOR = YES;
				GCC_WARN_UNINITIALIZED_AUTOS = YES_AGGRESSIVE;
				GCC_WARN_UNUSED_FUNCTION = YES;
				GCC_WARN_UNUSED_VARIABLE = YES;
				IPHONEOS_DEPLOYMENT_TARGET = 12.2;
				MTL_ENABLE_DEBUG_INFO = NO;
				MTL_FAST_MATH = YES;
				SDKROOT = iphoneos;
				SWIFT_COMPILATION_MODE = wholemodule;
				SWIFT_OPTIMIZATION_LEVEL = "-O";
				VALIDATE_PRODUCT = YES;
			};
			name = Release;
		};
		AC09C02422DD00B9004BD9C7 /* Debug */ = {
			isa = XCBuildConfiguration;
			baseConfigurationReference = 1347C10FE7816B12C21A2874 /* Pods-Instagram.debug.xcconfig */;
			buildSettings = {
				ASSETCATALOG_COMPILER_APPICON_NAME = AppIcon;
				CODE_SIGN_STYLE = Automatic;
				DEVELOPMENT_TEAM = 82WSS4C3M3;
				INFOPLIST_FILE = Instagram/Info.plist;
				LD_RUNPATH_SEARCH_PATHS = (
					"$(inherited)",
					"@executable_path/Frameworks",
				);
				PRODUCT_BUNDLE_IDENTIFIER = jp.techacademy.akihiro.hinata.Instagram;
				PRODUCT_NAME = "$(TARGET_NAME)";
				SWIFT_VERSION = 5.0;
				TARGETED_DEVICE_FAMILY = 1;
			};
			name = Debug;
		};
		AC09C02522DD00B9004BD9C7 /* Release */ = {
			isa = XCBuildConfiguration;
			baseConfigurationReference = B23F0C3E7C6FF1D285487BD5 /* Pods-Instagram.release.xcconfig */;
			buildSettings = {
				ASSETCATALOG_COMPILER_APPICON_NAME = AppIcon;
				CODE_SIGN_STYLE = Automatic;
				DEVELOPMENT_TEAM = 82WSS4C3M3;
				INFOPLIST_FILE = Instagram/Info.plist;
				LD_RUNPATH_SEARCH_PATHS = (
					"$(inherited)",
					"@executable_path/Frameworks",
				);
				PRODUCT_BUNDLE_IDENTIFIER = jp.techacademy.akihiro.hinata.Instagram;
				PRODUCT_NAME = "$(TARGET_NAME)";
				SWIFT_VERSION = 5.0;
				TARGETED_DEVICE_FAMILY = 1;
			};
			name = Release;
		};
		AC09C02722DD00B9004BD9C7 /* Debug */ = {
			isa = XCBuildConfiguration;
			buildSettings = {
				ALWAYS_EMBED_SWIFT_STANDARD_LIBRARIES = YES;
				BUNDLE_LOADER = "$(TEST_HOST)";
				CODE_SIGN_STYLE = Automatic;
				DEVELOPMENT_TEAM = 82WSS4C3M3;
				INFOPLIST_FILE = InstagramTests/Info.plist;
				LD_RUNPATH_SEARCH_PATHS = (
					"$(inherited)",
					"@executable_path/Frameworks",
					"@loader_path/Frameworks",
				);
				PRODUCT_BUNDLE_IDENTIFIER = jp.techacademy.akihiro.hinata.InstagramTests;
				PRODUCT_NAME = "$(TARGET_NAME)";
				SWIFT_VERSION = 5.0;
				TARGETED_DEVICE_FAMILY = "1,2";
				TEST_HOST = "$(BUILT_PRODUCTS_DIR)/Instagram.app/Instagram";
			};
			name = Debug;
		};
		AC09C02822DD00B9004BD9C7 /* Release */ = {
			isa = XCBuildConfiguration;
			buildSettings = {
				ALWAYS_EMBED_SWIFT_STANDARD_LIBRARIES = YES;
				BUNDLE_LOADER = "$(TEST_HOST)";
				CODE_SIGN_STYLE = Automatic;
				DEVELOPMENT_TEAM = 82WSS4C3M3;
				INFOPLIST_FILE = InstagramTests/Info.plist;
				LD_RUNPATH_SEARCH_PATHS = (
					"$(inherited)",
					"@executable_path/Frameworks",
					"@loader_path/Frameworks",
				);
				PRODUCT_BUNDLE_IDENTIFIER = jp.techacademy.akihiro.hinata.InstagramTests;
				PRODUCT_NAME = "$(TARGET_NAME)";
				SWIFT_VERSION = 5.0;
				TARGETED_DEVICE_FAMILY = "1,2";
				TEST_HOST = "$(BUILT_PRODUCTS_DIR)/Instagram.app/Instagram";
			};
			name = Release;
		};
		AC09C02A22DD00B9004BD9C7 /* Debug */ = {
			isa = XCBuildConfiguration;
			buildSettings = {
				ALWAYS_EMBED_SWIFT_STANDARD_LIBRARIES = YES;
				CODE_SIGN_STYLE = Automatic;
				DEVELOPMENT_TEAM = 82WSS4C3M3;
				INFOPLIST_FILE = InstagramUITests/Info.plist;
				LD_RUNPATH_SEARCH_PATHS = (
					"$(inherited)",
					"@executable_path/Frameworks",
					"@loader_path/Frameworks",
				);
				PRODUCT_BUNDLE_IDENTIFIER = jp.techacademy.akihiro.hinata.InstagramUITests;
				PRODUCT_NAME = "$(TARGET_NAME)";
				SWIFT_VERSION = 5.0;
				TARGETED_DEVICE_FAMILY = "1,2";
				TEST_TARGET_NAME = Instagram;
			};
			name = Debug;
		};
		AC09C02B22DD00B9004BD9C7 /* Release */ = {
			isa = XCBuildConfiguration;
			buildSettings = {
				ALWAYS_EMBED_SWIFT_STANDARD_LIBRARIES = YES;
				CODE_SIGN_STYLE = Automatic;
				DEVELOPMENT_TEAM = 82WSS4C3M3;
				INFOPLIST_FILE = InstagramUITests/Info.plist;
				LD_RUNPATH_SEARCH_PATHS = (
					"$(inherited)",
					"@executable_path/Frameworks",
					"@loader_path/Frameworks",
				);
				PRODUCT_BUNDLE_IDENTIFIER = jp.techacademy.akihiro.hinata.InstagramUITests;
				PRODUCT_NAME = "$(TARGET_NAME)";
				SWIFT_VERSION = 5.0;
				TARGETED_DEVICE_FAMILY = "1,2";
				TEST_TARGET_NAME = Instagram;
			};
			name = Release;
		};
/* End XCBuildConfiguration section */

/* Begin XCConfigurationList section */
		AC09BFF622DD00B7004BD9C7 /* Build configuration list for PBXProject "Instagram" */ = {
			isa = XCConfigurationList;
			buildConfigurations = (
				AC09C02122DD00B9004BD9C7 /* Debug */,
				AC09C02222DD00B9004BD9C7 /* Release */,
			);
			defaultConfigurationIsVisible = 0;
			defaultConfigurationName = Release;
		};
		AC09C02322DD00B9004BD9C7 /* Build configuration list for PBXNativeTarget "Instagram" */ = {
			isa = XCConfigurationList;
			buildConfigurations = (
				AC09C02422DD00B9004BD9C7 /* Debug */,
				AC09C02522DD00B9004BD9C7 /* Release */,
			);
			defaultConfigurationIsVisible = 0;
			defaultConfigurationName = Release;
		};
		AC09C02622DD00B9004BD9C7 /* Build configuration list for PBXNativeTarget "InstagramTests" */ = {
			isa = XCConfigurationList;
			buildConfigurations = (
				AC09C02722DD00B9004BD9C7 /* Debug */,
				AC09C02822DD00B9004BD9C7 /* Release */,
			);
			defaultConfigurationIsVisible = 0;
			defaultConfigurationName = Release;
		};
		AC09C02922DD00B9004BD9C7 /* Build configuration list for PBXNativeTarget "InstagramUITests" */ = {
			isa = XCConfigurationList;
			buildConfigurations = (
				AC09C02A22DD00B9004BD9C7 /* Debug */,
				AC09C02B22DD00B9004BD9C7 /* Release */,
			);
			defaultConfigurationIsVisible = 0;
			defaultConfigurationName = Release;
		};
/* End XCConfigurationList section */
	};
	rootObject = AC09BFF322DD00B7004BD9C7 /* Project object */;
}
